{
  "object": {
    "pins": [
      {
        "package": "LightXMLParser",
        "repositoryURL": "https://github.com/Rubenfer/LightXMLParser.git",
        "state": {
          "branch": null,
          "revision": "c1890a4c37a0f60739f200375df86df3bb410f9f",
          "version": "0.1.0"
        }
      }
    ]
  },
  "version": 1
}
